// !$*UTF8*$!
{
	archiveVersion = 1;
	classes = {
	};
	objectVersion = 50;
	objects = {

/* Begin PBXBuildFile section */
		407615E226971EBF004BBFD4 /* GCDWebServerResponse.m in Sources */ = {isa = PBXBuildFile; fileRef = 407615D626971EBF004BBFD4 /* GCDWebServerResponse.m */; };
		407615E326971EBF004BBFD4 /* GCDWebServerRequest.m in Sources */ = {isa = PBXBuildFile; fileRef = 407615D726971EBF004BBFD4 /* GCDWebServerRequest.m */; };
		407615E426971EBF004BBFD4 /* GCDWebServerConnection.m in Sources */ = {isa = PBXBuildFile; fileRef = 407615D826971EBF004BBFD4 /* GCDWebServerConnection.m */; };
		407615E526971EBF004BBFD4 /* GCDWebServer.m in Sources */ = {isa = PBXBuildFile; fileRef = 407615DD26971EBF004BBFD4 /* GCDWebServer.m */; };
		407615E626971EBF004BBFD4 /* GCDWebServerFunctions.m in Sources */ = {isa = PBXBuildFile; fileRef = 407615E026971EBF004BBFD4 /* GCDWebServerFunctions.m */; };
		407615F026971F20004BBFD4 /* GCDWebServerDataRequest.m in Sources */ = {isa = PBXBuildFile; fileRef = 407615E926971F20004BBFD4 /* GCDWebServerDataRequest.m */; };
		407615F126971F20004BBFD4 /* GCDWebServerFileRequest.m in Sources */ = {isa = PBXBuildFile; fileRef = 407615EC26971F20004BBFD4 /* GCDWebServerFileRequest.m */; };
		407615F226971F20004BBFD4 /* GCDWebServerURLEncodedFormRequest.m in Sources */ = {isa = PBXBuildFile; fileRef = 407615ED26971F20004BBFD4 /* GCDWebServerURLEncodedFormRequest.m */; };
		407615F326971F20004BBFD4 /* GCDWebServerMultiPartFormRequest.m in Sources */ = {isa = PBXBuildFile; fileRef = 407615EF26971F20004BBFD4 /* GCDWebServerMultiPartFormRequest.m */; };
		4076160B26972ADF004BBFD4 /* GCDWebServerDataResponse.m in Sources */ = {isa = PBXBuildFile; fileRef = 4076160326972ADE004BBFD4 /* GCDWebServerDataResponse.m */; };
		4076160C26972ADF004BBFD4 /* GCDWebServerStreamedResponse.m in Sources */ = {isa = PBXBuildFile; fileRef = 4076160426972ADE004BBFD4 /* GCDWebServerStreamedResponse.m */; };
		4076160D26972ADF004BBFD4 /* GCDWebServerErrorResponse.m in Sources */ = {isa = PBXBuildFile; fileRef = 4076160526972ADE004BBFD4 /* GCDWebServerErrorResponse.m */; };
		4076160E26972ADF004BBFD4 /* GCDWebServerFileResponse.m in Sources */ = {isa = PBXBuildFile; fileRef = 4076160826972ADF004BBFD4 /* GCDWebServerFileResponse.m */; };
		40FF91BD2690CD3C009F58F8 /* ScannerApp.swift in Sources */ = {isa = PBXBuildFile; fileRef = 40FF91BC2690CD3C009F58F8 /* ScannerApp.swift */; };
		40FF91BF2690CD3C009F58F8 /* ContentView.swift in Sources */ = {isa = PBXBuildFile; fileRef = 40FF91BE2690CD3C009F58F8 /* ContentView.swift */; };
		40FF91C12690CD3E009F58F8 /* Assets.xcassets in Resources */ = {isa = PBXBuildFile; fileRef = 40FF91C02690CD3E009F58F8 /* Assets.xcassets */; };
		40FF91C42690CD3E009F58F8 /* Preview Assets.xcassets in Resources */ = {isa = PBXBuildFile; fileRef = 40FF91C32690CD3E009F58F8 /* Preview Assets.xcassets */; };
/* End PBXBuildFile section */

/* Begin PBXFileReference section */
		407615CD26971488004BBFD4 /* Bridging-Header.h */ = {isa = PBXFileReference; lastKnownFileType = sourcecode.c.h; path = "Bridging-Header.h"; sourceTree = "<group>"; };
		407615D626971EBF004BBFD4 /* GCDWebServerResponse.m */ = {isa = PBXFileReference; fileEncoding = 4; lastKnownFileType = sourcecode.c.objc; name = GCDWebServerResponse.m; path = GCDWebServer/Core/GCDWebServerResponse.m; sourceTree = "<group>"; };
		407615D726971EBF004BBFD4 /* GCDWebServerRequest.m */ = {isa = PBXFileReference; fileEncoding = 4; lastKnownFileType = sourcecode.c.objc; name = GCDWebServerRequest.m; path = GCDWebServer/Core/GCDWebServerRequest.m; sourceTree = "<group>"; };
		407615D826971EBF004BBFD4 /* GCDWebServerConnection.m */ = {isa = PBXFileReference; fileEncoding = 4; lastKnownFileType = sourcecode.c.objc; name = GCDWebServerConnection.m; path = GCDWebServer/Core/GCDWebServerConnection.m; sourceTree = "<group>"; };
		407615D926971EBF004BBFD4 /* GCDWebServerPrivate.h */ = {isa = PBXFileReference; fileEncoding = 4; lastKnownFileType = sourcecode.c.h; name = GCDWebServerPrivate.h; path = GCDWebServer/Core/GCDWebServerPrivate.h; sourceTree = "<group>"; };
		407615DA26971EBF004BBFD4 /* GCDWebServerConnection.h */ = {isa = PBXFileReference; fileEncoding = 4; lastKnownFileType = sourcecode.c.h; name = GCDWebServerConnection.h; path = GCDWebServer/Core/GCDWebServerConnection.h; sourceTree = "<group>"; };
		407615DB26971EBF004BBFD4 /* GCDWebServerResponse.h */ = {isa = PBXFileReference; fileEncoding = 4; lastKnownFileType = sourcecode.c.h; name = GCDWebServerResponse.h; path = GCDWebServer/Core/GCDWebServerResponse.h; sourceTree = "<group>"; };
		407615DC26971EBF004BBFD4 /* GCDWebServerHTTPStatusCodes.h */ = {isa = PBXFileReference; fileEncoding = 4; lastKnownFileType = sourcecode.c.h; name = GCDWebServerHTTPStatusCodes.h; path = GCDWebServer/Core/GCDWebServerHTTPStatusCodes.h; sourceTree = "<group>"; };
		407615DD26971EBF004BBFD4 /* GCDWebServer.m */ = {isa = PBXFileReference; fileEncoding = 4; lastKnownFileType = sourcecode.c.objc; name = GCDWebServer.m; path = GCDWebServer/Core/GCDWebServer.m; sourceTree = "<group>"; };
		407615DE26971EBF004BBFD4 /* GCDWebServer.h */ = {isa = PBXFileReference; fileEncoding = 4; lastKnownFileType = sourcecode.c.h; name = GCDWebServer.h; path = GCDWebServer/Core/GCDWebServer.h; sourceTree = "<group>"; };
		407615DF26971EBF004BBFD4 /* GCDWebServerFunctions.h */ = {isa = PBXFileReference; fileEncoding = 4; lastKnownFileType = sourcecode.c.h; name = GCDWebServerFunctions.h; path = GCDWebServer/Core/GCDWebServerFunctions.h; sourceTree = "<group>"; };
		407615E026971EBF004BBFD4 /* GCDWebServerFunctions.m */ = {isa = PBXFileReference; fileEncoding = 4; lastKnownFileType = sourcecode.c.objc; name = GCDWebServerFunctions.m; path = GCDWebServer/Core/GCDWebServerFunctions.m; sourceTree = "<group>"; };
		407615E126971EBF004BBFD4 /* GCDWebServerRequest.h */ = {isa = PBXFileReference; fileEncoding = 4; lastKnownFileType = sourcecode.c.h; name = GCDWebServerRequest.h; path = GCDWebServer/Core/GCDWebServerRequest.h; sourceTree = "<group>"; };
		407615E826971F20004BBFD4 /* GCDWebServerMultiPartFormRequest.h */ = {isa = PBXFileReference; fileEncoding = 4; lastKnownFileType = sourcecode.c.h; name = GCDWebServerMultiPartFormRequest.h; path = GCDWebServer/Requests/GCDWebServerMultiPartFormRequest.h; sourceTree = SOURCE_ROOT; };
		407615E926971F20004BBFD4 /* GCDWebServerDataRequest.m */ = {isa = PBXFileReference; fileEncoding = 4; lastKnownFileType = sourcecode.c.objc; name = GCDWebServerDataRequest.m; path = GCDWebServer/Requests/GCDWebServerDataRequest.m; sourceTree = SOURCE_ROOT; };
		407615EA26971F20004BBFD4 /* GCDWebServerURLEncodedFormRequest.h */ = {isa = PBXFileReference; fileEncoding = 4; lastKnownFileType = sourcecode.c.h; name = GCDWebServerURLEncodedFormRequest.h; path = GCDWebServer/Requests/GCDWebServerURLEncodedFormRequest.h; sourceTree = SOURCE_ROOT; };
		407615EB26971F20004BBFD4 /* GCDWebServerDataRequest.h */ = {isa = PBXFileReference; fileEncoding = 4; lastKnownFileType = sourcecode.c.h; name = GCDWebServerDataRequest.h; path = GCDWebServer/Requests/GCDWebServerDataRequest.h; sourceTree = SOURCE_ROOT; };
		407615EC26971F20004BBFD4 /* GCDWebServerFileRequest.m */ = {isa = PBXFileReference; fileEncoding = 4; lastKnownFileType = sourcecode.c.objc; name = GCDWebServerFileRequest.m; path = GCDWebServer/Requests/GCDWebServerFileRequest.m; sourceTree = SOURCE_ROOT; };
		407615ED26971F20004BBFD4 /* GCDWebServerURLEncodedFormRequest.m */ = {isa = PBXFileReference; fileEncoding = 4; lastKnownFileType = sourcecode.c.objc; name = GCDWebServerURLEncodedFormRequest.m; path = GCDWebServer/Requests/GCDWebServerURLEncodedFormRequest.m; sourceTree = SOURCE_ROOT; };
		407615EE26971F20004BBFD4 /* GCDWebServerFileRequest.h */ = {isa = PBXFileReference; fileEncoding = 4; lastKnownFileType = sourcecode.c.h; name = GCDWebServerFileRequest.h; path = GCDWebServer/Requests/GCDWebServerFileRequest.h; sourceTree = SOURCE_ROOT; };
		407615EF26971F20004BBFD4 /* GCDWebServerMultiPartFormRequest.m */ = {isa = PBXFileReference; fileEncoding = 4; lastKnownFileType = sourcecode.c.objc; name = GCDWebServerMultiPartFormRequest.m; path = GCDWebServer/Requests/GCDWebServerMultiPartFormRequest.m; sourceTree = SOURCE_ROOT; };
		4076160326972ADE004BBFD4 /* GCDWebServerDataResponse.m */ = {isa = PBXFileReference; fileEncoding = 4; lastKnownFileType = sourcecode.c.objc; name = GCDWebServerDataResponse.m; path = GCDWebServer/Responses/GCDWebServerDataResponse.m; sourceTree = "<group>"; };
		4076160426972ADE004BBFD4 /* GCDWebServerStreamedResponse.m */ = {isa = PBXFileReference; fileEncoding = 4; lastKnownFileType = sourcecode.c.objc; name = GCDWebServerStreamedResponse.m; path = GCDWebServer/Responses/GCDWebServerStreamedResponse.m; sourceTree = "<group>"; };
		4076160526972ADE004BBFD4 /* GCDWebServerErrorResponse.m */ = {isa = PBXFileReference; fileEncoding = 4; lastKnownFileType = sourcecode.c.objc; name = GCDWebServerErrorResponse.m; path = GCDWebServer/Responses/GCDWebServerErrorResponse.m; sourceTree = "<group>"; };
		4076160626972ADF004BBFD4 /* GCDWebServerDataResponse.h */ = {isa = PBXFileReference; fileEncoding = 4; lastKnownFileType = sourcecode.c.h; name = GCDWebServerDataResponse.h; path = GCDWebServer/Responses/GCDWebServerDataResponse.h; sourceTree = "<group>"; };
		4076160726972ADF004BBFD4 /* GCDWebServerFileResponse.h */ = {isa = PBXFileReference; fileEncoding = 4; lastKnownFileType = sourcecode.c.h; name = GCDWebServerFileResponse.h; path = GCDWebServer/Responses/GCDWebServerFileResponse.h; sourceTree = "<group>"; };
		4076160826972ADF004BBFD4 /* GCDWebServerFileResponse.m */ = {isa = PBXFileReference; fileEncoding = 4; lastKnownFileType = sourcecode.c.objc; name = GCDWebServerFileResponse.m; path = GCDWebServer/Responses/GCDWebServerFileResponse.m; sourceTree = "<group>"; };
		4076160926972ADF004BBFD4 /* GCDWebServerErrorResponse.h */ = {isa = PBXFileReference; fileEncoding = 4; lastKnownFileType = sourcecode.c.h; name = GCDWebServerErrorResponse.h; path = GCDWebServer/Responses/GCDWebServerErrorResponse.h; sourceTree = "<group>"; };
		4076160A26972ADF004BBFD4 /* GCDWebServerStreamedResponse.h */ = {isa = PBXFileReference; fileEncoding = 4; lastKnownFileType = sourcecode.c.h; name = GCDWebServerStreamedResponse.h; path = GCDWebServer/Responses/GCDWebServerStreamedResponse.h; sourceTree = "<group>"; };
		40FF91B92690CD3C009F58F8 /* Fitsme Scanner.app */ = {isa = PBXFileReference; explicitFileType = wrapper.application; includeInIndex = 0; path = "Fitsme Scanner.app"; sourceTree = BUILT_PRODUCTS_DIR; };
		40FF91BC2690CD3C009F58F8 /* ScannerApp.swift */ = {isa = PBXFileReference; lastKnownFileType = sourcecode.swift; path = ScannerApp.swift; sourceTree = "<group>"; };
		40FF91BE2690CD3C009F58F8 /* ContentView.swift */ = {isa = PBXFileReference; lastKnownFileType = sourcecode.swift; path = ContentView.swift; sourceTree = "<group>"; };
		40FF91C02690CD3E009F58F8 /* Assets.xcassets */ = {isa = PBXFileReference; lastKnownFileType = folder.assetcatalog; path = Assets.xcassets; sourceTree = "<group>"; };
		40FF91C32690CD3E009F58F8 /* Preview Assets.xcassets */ = {isa = PBXFileReference; lastKnownFileType = folder.assetcatalog; path = "Preview Assets.xcassets"; sourceTree = "<group>"; };
		40FF91C52690CD3E009F58F8 /* Info.plist */ = {isa = PBXFileReference; lastKnownFileType = text.plist.xml; path = Info.plist; sourceTree = "<group>"; };
/* End PBXFileReference section */

/* Begin PBXFrameworksBuildPhase section */
		40FF91B62690CD3C009F58F8 /* Frameworks */ = {
			isa = PBXFrameworksBuildPhase;
			buildActionMask = 2147483647;
			files = (
			);
			runOnlyForDeploymentPostprocessing = 0;
		};
/* End PBXFrameworksBuildPhase section */

/* Begin PBXGroup section */
		407615D226971E69004BBFD4 /* GCDWebServer */ = {
			isa = PBXGroup;
			children = (
				407615D526971EA5004BBFD4 /* Core */,
				407615E726971EF0004BBFD4 /* Requests */,
				4076160226972AAF004BBFD4 /* Responses */,
			);
			name = GCDWebServer;
			sourceTree = "<group>";
		};
		407615D526971EA5004BBFD4 /* Core */ = {
			isa = PBXGroup;
			children = (
				407615DE26971EBF004BBFD4 /* GCDWebServer.h */,
				407615DD26971EBF004BBFD4 /* GCDWebServer.m */,
				407615DA26971EBF004BBFD4 /* GCDWebServerConnection.h */,
				407615D826971EBF004BBFD4 /* GCDWebServerConnection.m */,
				407615DF26971EBF004BBFD4 /* GCDWebServerFunctions.h */,
				407615E026971EBF004BBFD4 /* GCDWebServerFunctions.m */,
				407615DC26971EBF004BBFD4 /* GCDWebServerHTTPStatusCodes.h */,
				407615D926971EBF004BBFD4 /* GCDWebServerPrivate.h */,
				407615E126971EBF004BBFD4 /* GCDWebServerRequest.h */,
				407615D726971EBF004BBFD4 /* GCDWebServerRequest.m */,
				407615DB26971EBF004BBFD4 /* GCDWebServerResponse.h */,
				407615D626971EBF004BBFD4 /* GCDWebServerResponse.m */,
			);
			name = Core;
			sourceTree = "<group>";
		};
		407615E726971EF0004BBFD4 /* Requests */ = {
			isa = PBXGroup;
			children = (
				407615EB26971F20004BBFD4 /* GCDWebServerDataRequest.h */,
				407615E926971F20004BBFD4 /* GCDWebServerDataRequest.m */,
				407615EE26971F20004BBFD4 /* GCDWebServerFileRequest.h */,
				407615EC26971F20004BBFD4 /* GCDWebServerFileRequest.m */,
				407615E826971F20004BBFD4 /* GCDWebServerMultiPartFormRequest.h */,
				407615EF26971F20004BBFD4 /* GCDWebServerMultiPartFormRequest.m */,
				407615EA26971F20004BBFD4 /* GCDWebServerURLEncodedFormRequest.h */,
				407615ED26971F20004BBFD4 /* GCDWebServerURLEncodedFormRequest.m */,
			);
			path = Requests;
			sourceTree = "<group>";
		};
		4076160226972AAF004BBFD4 /* Responses */ = {
			isa = PBXGroup;
			children = (
				4076160626972ADF004BBFD4 /* GCDWebServerDataResponse.h */,
				4076160326972ADE004BBFD4 /* GCDWebServerDataResponse.m */,
				4076160926972ADF004BBFD4 /* GCDWebServerErrorResponse.h */,
				4076160526972ADE004BBFD4 /* GCDWebServerErrorResponse.m */,
				4076160726972ADF004BBFD4 /* GCDWebServerFileResponse.h */,
				4076160826972ADF004BBFD4 /* GCDWebServerFileResponse.m */,
				4076160A26972ADF004BBFD4 /* GCDWebServerStreamedResponse.h */,
				4076160426972ADE004BBFD4 /* GCDWebServerStreamedResponse.m */,
			);
			name = Responses;
			sourceTree = "<group>";
		};
		40FF91B02690CD3C009F58F8 = {
			isa = PBXGroup;
			children = (
				407615D226971E69004BBFD4 /* GCDWebServer */,
				40FF91BB2690CD3C009F58F8 /* Fitsme Scanner */,
				40FF91BA2690CD3C009F58F8 /* Products */,
				407615CD26971488004BBFD4 /* Bridging-Header.h */,
			);
			sourceTree = "<group>";
		};
		40FF91BA2690CD3C009F58F8 /* Products */ = {
			isa = PBXGroup;
			children = (
				40FF91B92690CD3C009F58F8 /* Fitsme Scanner.app */,
			);
			name = Products;
			sourceTree = "<group>";
		};
		40FF91BB2690CD3C009F58F8 /* Fitsme Scanner */ = {
			isa = PBXGroup;
			children = (
				40FF91BC2690CD3C009F58F8 /* ScannerApp.swift */,
				40FF91BE2690CD3C009F58F8 /* ContentView.swift */,
				40FF91C02690CD3E009F58F8 /* Assets.xcassets */,
				40FF91C52690CD3E009F58F8 /* Info.plist */,
				40FF91C22690CD3E009F58F8 /* Preview Content */,
			);
			path = "Fitsme Scanner";
			sourceTree = "<group>";
		};
		40FF91C22690CD3E009F58F8 /* Preview Content */ = {
			isa = PBXGroup;
			children = (
				40FF91C32690CD3E009F58F8 /* Preview Assets.xcassets */,
			);
			path = "Preview Content";
			sourceTree = "<group>";
		};
/* End PBXGroup section */

/* Begin PBXNativeTarget section */
		40FF91B82690CD3C009F58F8 /* Fitsme Scanner */ = {
			isa = PBXNativeTarget;
			buildConfigurationList = 40FF91C82690CD3E009F58F8 /* Build configuration list for PBXNativeTarget "Fitsme Scanner" */;
			buildPhases = (
				40FF91B52690CD3C009F58F8 /* Sources */,
				40FF91B62690CD3C009F58F8 /* Frameworks */,
				40FF91B72690CD3C009F58F8 /* Resources */,
			);
			buildRules = (
			);
			dependencies = (
			);
			name = "Fitsme Scanner";
			productName = "Fitsme Scanner";
			productReference = 40FF91B92690CD3C009F58F8 /* Fitsme Scanner.app */;
			productType = "com.apple.product-type.application";
		};
/* End PBXNativeTarget section */

/* Begin PBXProject section */
		40FF91B12690CD3C009F58F8 /* Project object */ = {
			isa = PBXProject;
			attributes = {
				LastSwiftUpdateCheck = 1250;
				LastUpgradeCheck = 1250;
				TargetAttributes = {
					40FF91B82690CD3C009F58F8 = {
						CreatedOnToolsVersion = 12.5.1;
						LastSwiftMigration = 1250;
					};
				};
			};
			buildConfigurationList = 40FF91B42690CD3C009F58F8 /* Build configuration list for PBXProject "Fitsme Scanner" */;
			compatibilityVersion = "Xcode 9.3";
			developmentRegion = en;
			hasScannedForEncodings = 0;
			knownRegions = (
				en,
				Base,
			);
			mainGroup = 40FF91B02690CD3C009F58F8;
			productRefGroup = 40FF91BA2690CD3C009F58F8 /* Products */;
			projectDirPath = "";
			projectRoot = "";
			targets = (
				40FF91B82690CD3C009F58F8 /* Fitsme Scanner */,
			);
		};
/* End PBXProject section */

/* Begin PBXResourcesBuildPhase section */
		40FF91B72690CD3C009F58F8 /* Resources */ = {
			isa = PBXResourcesBuildPhase;
			buildActionMask = 2147483647;
			files = (
				40FF91C42690CD3E009F58F8 /* Preview Assets.xcassets in Resources */,
				40FF91C12690CD3E009F58F8 /* Assets.xcassets in Resources */,
			);
			runOnlyForDeploymentPostprocessing = 0;
		};
/* End PBXResourcesBuildPhase section */

/* Begin PBXSourcesBuildPhase section */
		40FF91B52690CD3C009F58F8 /* Sources */ = {
			isa = PBXSourcesBuildPhase;
			buildActionMask = 2147483647;
			files = (
				407615F326971F20004BBFD4 /* GCDWebServerMultiPartFormRequest.m in Sources */,
				407615E326971EBF004BBFD4 /* GCDWebServerRequest.m in Sources */,
				4076160D26972ADF004BBFD4 /* GCDWebServerErrorResponse.m in Sources */,
				40FF91BF2690CD3C009F58F8 /* ContentView.swift in Sources */,
				4076160E26972ADF004BBFD4 /* GCDWebServerFileResponse.m in Sources */,
				407615F026971F20004BBFD4 /* GCDWebServerDataRequest.m in Sources */,
				407615E526971EBF004BBFD4 /* GCDWebServer.m in Sources */,
				407615E426971EBF004BBFD4 /* GCDWebServerConnection.m in Sources */,
				407615F126971F20004BBFD4 /* GCDWebServerFileRequest.m in Sources */,
				40FF91BD2690CD3C009F58F8 /* ScannerApp.swift in Sources */,
				4076160C26972ADF004BBFD4 /* GCDWebServerStreamedResponse.m in Sources */,
				407615F226971F20004BBFD4 /* GCDWebServerURLEncodedFormRequest.m in Sources */,
				4076160B26972ADF004BBFD4 /* GCDWebServerDataResponse.m in Sources */,
				407615E226971EBF004BBFD4 /* GCDWebServerResponse.m in Sources */,
				407615E626971EBF004BBFD4 /* GCDWebServerFunctions.m in Sources */,
			);
			runOnlyForDeploymentPostprocessing = 0;
		};
/* End PBXSourcesBuildPhase section */

/* Begin XCBuildConfiguration section */
		40FF91C62690CD3E009F58F8 /* Debug */ = {
			isa = XCBuildConfiguration;
			buildSettings = {
				ALWAYS_SEARCH_USER_PATHS = NO;
				CLANG_ANALYZER_NONNULL = YES;
				CLANG_ANALYZER_NUMBER_OBJECT_CONVERSION = YES_AGGRESSIVE;
				CLANG_CXX_LANGUAGE_STANDARD = "gnu++14";
				CLANG_CXX_LIBRARY = "libc++";
				CLANG_ENABLE_MODULES = YES;
				CLANG_ENABLE_OBJC_ARC = YES;
				CLANG_ENABLE_OBJC_WEAK = YES;
				CLANG_WARN_BLOCK_CAPTURE_AUTORELEASING = YES;
				CLANG_WARN_BOOL_CONVERSION = YES;
				CLANG_WARN_COMMA = YES;
				CLANG_WARN_CONSTANT_CONVERSION = YES;
				CLANG_WARN_DEPRECATED_OBJC_IMPLEMENTATIONS = YES;
				CLANG_WARN_DIRECT_OBJC_ISA_USAGE = YES_ERROR;
				CLANG_WARN_DOCUMENTATION_COMMENTS = YES;
				CLANG_WARN_EMPTY_BODY = YES;
				CLANG_WARN_ENUM_CONVERSION = YES;
				CLANG_WARN_INFINITE_RECURSION = YES;
				CLANG_WARN_INT_CONVERSION = YES;
				CLANG_WARN_NON_LITERAL_NULL_CONVERSION = YES;
				CLANG_WARN_OBJC_IMPLICIT_RETAIN_SELF = YES;
				CLANG_WARN_OBJC_LITERAL_CONVERSION = YES;
				CLANG_WARN_OBJC_ROOT_CLASS = YES_ERROR;
				CLANG_WARN_QUOTED_INCLUDE_IN_FRAMEWORK_HEADER = YES;
				CLANG_WARN_RANGE_LOOP_ANALYSIS = YES;
				CLANG_WARN_STRICT_PROTOTYPES = YES;
				CLANG_WARN_SUSPICIOUS_MOVE = YES;
				CLANG_WARN_UNGUARDED_AVAILABILITY = YES_AGGRESSIVE;
				CLANG_WARN_UNREACHABLE_CODE = YES;
				CLANG_WARN__DUPLICATE_METHOD_MATCH = YES;
				COPY_PHASE_STRIP = NO;
				DEBUG_INFORMATION_FORMAT = dwarf;
				ENABLE_STRICT_OBJC_MSGSEND = YES;
				ENABLE_TESTABILITY = YES;
				GCC_C_LANGUAGE_STANDARD = gnu11;
				GCC_DYNAMIC_NO_PIC = NO;
				GCC_NO_COMMON_BLOCKS = YES;
				GCC_OPTIMIZATION_LEVEL = 0;
				GCC_PREPROCESSOR_DEFINITIONS = (
					"DEBUG=1",
					"$(inherited)",
				);
				GCC_WARN_64_TO_32_BIT_CONVERSION = YES;
				GCC_WARN_ABOUT_RETURN_TYPE = YES_ERROR;
				GCC_WARN_UNDECLARED_SELECTOR = YES;
				GCC_WARN_UNINITIALIZED_AUTOS = YES_AGGRESSIVE;
				GCC_WARN_UNUSED_FUNCTION = YES;
				GCC_WARN_UNUSED_VARIABLE = YES;
				IPHONEOS_DEPLOYMENT_TARGET = 14.5;
				MTL_ENABLE_DEBUG_INFO = INCLUDE_SOURCE;
				MTL_FAST_MATH = YES;
				ONLY_ACTIVE_ARCH = YES;
				SDKROOT = iphoneos;
				SWIFT_ACTIVE_COMPILATION_CONDITIONS = DEBUG;
				SWIFT_OPTIMIZATION_LEVEL = "-Onone";
			};
			name = Debug;
		};
		40FF91C72690CD3E009F58F8 /* Release */ = {
			isa = XCBuildConfiguration;
			buildSettings = {
				ALWAYS_SEARCH_USER_PATHS = NO;
				CLANG_ANALYZER_NONNULL = YES;
				CLANG_ANALYZER_NUMBER_OBJECT_CONVERSION = YES_AGGRESSIVE;
				CLANG_CXX_LANGUAGE_STANDARD = "gnu++14";
				CLANG_CXX_LIBRARY = "libc++";
				CLANG_ENABLE_MODULES = YES;
				CLANG_ENABLE_OBJC_ARC = YES;
				CLANG_ENABLE_OBJC_WEAK = YES;
				CLANG_WARN_BLOCK_CAPTURE_AUTORELEASING = YES;
				CLANG_WARN_BOOL_CONVERSION = YES;
				CLANG_WARN_COMMA = YES;
				CLANG_WARN_CONSTANT_CONVERSION = YES;
				CLANG_WARN_DEPRECATED_OBJC_IMPLEMENTATIONS = YES;
				CLANG_WARN_DIRECT_OBJC_ISA_USAGE = YES_ERROR;
				CLANG_WARN_DOCUMENTATION_COMMENTS = YES;
				CLANG_WARN_EMPTY_BODY = YES;
				CLANG_WARN_ENUM_CONVERSION = YES;
				CLANG_WARN_INFINITE_RECURSION = YES;
				CLANG_WARN_INT_CONVERSION = YES;
				CLANG_WARN_NON_LITERAL_NULL_CONVERSION = YES;
				CLANG_WARN_OBJC_IMPLICIT_RETAIN_SELF = YES;
				CLANG_WARN_OBJC_LITERAL_CONVERSION = YES;
				CLANG_WARN_OBJC_ROOT_CLASS = YES_ERROR;
				CLANG_WARN_QUOTED_INCLUDE_IN_FRAMEWORK_HEADER = YES;
				CLANG_WARN_RANGE_LOOP_ANALYSIS = YES;
				CLANG_WARN_STRICT_PROTOTYPES = YES;
				CLANG_WARN_SUSPICIOUS_MOVE = YES;
				CLANG_WARN_UNGUARDED_AVAILABILITY = YES_AGGRESSIVE;
				CLANG_WARN_UNREACHABLE_CODE = YES;
				CLANG_WARN__DUPLICATE_METHOD_MATCH = YES;
				COPY_PHASE_STRIP = NO;
				DEBUG_INFORMATION_FORMAT = "dwarf-with-dsym";
				ENABLE_NS_ASSERTIONS = NO;
				ENABLE_STRICT_OBJC_MSGSEND = YES;
				GCC_C_LANGUAGE_STANDARD = gnu11;
				GCC_NO_COMMON_BLOCKS = YES;
				GCC_WARN_64_TO_32_BIT_CONVERSION = YES;
				GCC_WARN_ABOUT_RETURN_TYPE = YES_ERROR;
				GCC_WARN_UNDECLARED_SELECTOR = YES;
				GCC_WARN_UNINITIALIZED_AUTOS = YES_AGGRESSIVE;
				GCC_WARN_UNUSED_FUNCTION = YES;
				GCC_WARN_UNUSED_VARIABLE = YES;
				IPHONEOS_DEPLOYMENT_TARGET = 14.5;
				MTL_ENABLE_DEBUG_INFO = NO;
				MTL_FAST_MATH = YES;
				SDKROOT = iphoneos;
				SWIFT_COMPILATION_MODE = wholemodule;
				SWIFT_OPTIMIZATION_LEVEL = "-O";
				VALIDATE_PRODUCT = YES;
			};
			name = Release;
		};
		40FF91C92690CD3E009F58F8 /* Debug */ = {
			isa = XCBuildConfiguration;
			buildSettings = {
				ASSETCATALOG_COMPILER_APPICON_NAME = AppIcon;
				ASSETCATALOG_COMPILER_GLOBAL_ACCENT_COLOR_NAME = AccentColor;
				CLANG_ENABLE_MODULES = YES;
				CODE_SIGN_STYLE = Automatic;
				DEVELOPMENT_ASSET_PATHS = "\"Fitsme Scanner/Preview Content\"";
				DEVELOPMENT_TEAM = 5KDYG33HXH;
				ENABLE_PREVIEWS = YES;
				INFOPLIST_FILE = "Fitsme Scanner/Info.plist";
				IPHONEOS_DEPLOYMENT_TARGET = 14.0;
				LD_RUNPATH_SEARCH_PATHS = (
					"$(inherited)",
					"@executable_path/Frameworks",
				);
				PRODUCT_BUNDLE_IDENTIFIER = fitsme.scanner;
				PRODUCT_NAME = "$(TARGET_NAME)";
				SWIFT_OBJC_BRIDGING_HEADER = "Bridging-Header.h";
				SWIFT_OPTIMIZATION_LEVEL = "-Onone";
				SWIFT_VERSION = 5.0;
				TARGETED_DEVICE_FAMILY = "1,2";
			};
			name = Debug;
		};
		40FF91CA2690CD3E009F58F8 /* Release */ = {
			isa = XCBuildConfiguration;
			buildSettings = {
				ASSETCATALOG_COMPILER_APPICON_NAME = AppIcon;
				ASSETCATALOG_COMPILER_GLOBAL_ACCENT_COLOR_NAME = AccentColor;
				CLANG_ENABLE_MODULES = YES;
				CODE_SIGN_STYLE = Automatic;
				DEVELOPMENT_ASSET_PATHS = "\"Fitsme Scanner/Preview Content\"";
				DEVELOPMENT_TEAM = 5KDYG33HXH;
				ENABLE_PREVIEWS = YES;
				INFOPLIST_FILE = "Fitsme Scanner/Info.plist";
				IPHONEOS_DEPLOYMENT_TARGET = 14.0;
				LD_RUNPATH_SEARCH_PATHS = (
					"$(inherited)",
					"@executable_path/Frameworks",
				);
				PRODUCT_BUNDLE_IDENTIFIER = fitsme.scanner;
				PRODUCT_NAME = "$(TARGET_NAME)";
				SWIFT_OBJC_BRIDGING_HEADER = "Bridging-Header.h";
				SWIFT_VERSION = 5.0;
				TARGETED_DEVICE_FAMILY = "1,2";
			};
			name = Release;
		};
/* End XCBuildConfiguration section */

/* Begin XCConfigurationList section */
		40FF91B42690CD3C009F58F8 /* Build configuration list for PBXProject "Fitsme Scanner" */ = {
			isa = XCConfigurationList;
			buildConfigurations = (
				40FF91C62690CD3E009F58F8 /* Debug */,
				40FF91C72690CD3E009F58F8 /* Release */,
			);
			defaultConfigurationIsVisible = 0;
			defaultConfigurationName = Release;
		};
		40FF91C82690CD3E009F58F8 /* Build configuration list for PBXNativeTarget "Fitsme Scanner" */ = {
			isa = XCConfigurationList;
			buildConfigurations = (
				40FF91C92690CD3E009F58F8 /* Debug */,
				40FF91CA2690CD3E009F58F8 /* Release */,
			);
			defaultConfigurationIsVisible = 0;
			defaultConfigurationName = Release;
		};
/* End XCConfigurationList section */
	};
	rootObject = 40FF91B12690CD3C009F58F8 /* Project object */;
}
