// !$*UTF8*$!
{
	archiveVersion = 1;
	classes = {
	};
	objectVersion = 50;
	objects = {

/* Begin PBXBuildFile section */
		401DDA18269DFCD30027B23B /* AppDelegate.swift in Sources */ = {isa = PBXBuildFile; fileRef = 401DDA17269DFCD30027B23B /* AppDelegate.swift */; };
		401DDA1A269DFCD30027B23B /* ContentView.swift in Sources */ = {isa = PBXBuildFile; fileRef = 401DDA19269DFCD30027B23B /* ContentView.swift */; };
		401DDA1E269DFCD60027B23B /* Assets.xcassets in Resources */ = {isa = PBXBuildFile; fileRef = 401DDA1D269DFCD60027B23B /* Assets.xcassets */; };
		401DDA29269E04DC0027B23B /* Dimmer.swift in Sources */ = {isa = PBXBuildFile; fileRef = 401DDA28269E04DC0027B23B /* Dimmer.swift */; };
		40332297269F5F7500D740A9 /* ScanSession.swift in Sources */ = {isa = PBXBuildFile; fileRef = 40332296269F5F7500D740A9 /* ScanSession.swift */; };
		40624985269E1DFC00C72812 /* GCDWebServerResponse.m in Sources */ = {isa = PBXBuildFile; fileRef = 40624969269E1DFC00C72812 /* GCDWebServerResponse.m */; };
		40624986269E1DFC00C72812 /* GCDWebServerRequest.m in Sources */ = {isa = PBXBuildFile; fileRef = 4062496C269E1DFC00C72812 /* GCDWebServerRequest.m */; };
		40624987269E1DFC00C72812 /* GCDWebServerFunctions.m in Sources */ = {isa = PBXBuildFile; fileRef = 4062496F269E1DFC00C72812 /* GCDWebServerFunctions.m */; };
		40624988269E1DFC00C72812 /* GCDWebServer.m in Sources */ = {isa = PBXBuildFile; fileRef = 40624970269E1DFC00C72812 /* GCDWebServer.m */; };
		40624989269E1DFC00C72812 /* GCDWebServerConnection.m in Sources */ = {isa = PBXBuildFile; fileRef = 40624971269E1DFC00C72812 /* GCDWebServerConnection.m */; };
		4062498A269E1DFC00C72812 /* GCDWebServerErrorResponse.m in Sources */ = {isa = PBXBuildFile; fileRef = 40624976269E1DFC00C72812 /* GCDWebServerErrorResponse.m */; };
		4062498B269E1DFC00C72812 /* GCDWebServerFileResponse.m in Sources */ = {isa = PBXBuildFile; fileRef = 40624978269E1DFC00C72812 /* GCDWebServerFileResponse.m */; };
		4062498C269E1DFC00C72812 /* GCDWebServerDataResponse.m in Sources */ = {isa = PBXBuildFile; fileRef = 40624979269E1DFC00C72812 /* GCDWebServerDataResponse.m */; };
		4062498D269E1DFC00C72812 /* GCDWebServerStreamedResponse.m in Sources */ = {isa = PBXBuildFile; fileRef = 4062497B269E1DFC00C72812 /* GCDWebServerStreamedResponse.m */; };
		4062498E269E1DFC00C72812 /* GCDWebServerURLEncodedFormRequest.m in Sources */ = {isa = PBXBuildFile; fileRef = 40624980269E1DFC00C72812 /* GCDWebServerURLEncodedFormRequest.m */; };
		4062498F269E1DFC00C72812 /* GCDWebServerMultiPartFormRequest.m in Sources */ = {isa = PBXBuildFile; fileRef = 40624981269E1DFC00C72812 /* GCDWebServerMultiPartFormRequest.m */; };
		40624990269E1DFC00C72812 /* GCDWebServerDataRequest.m in Sources */ = {isa = PBXBuildFile; fileRef = 40624982269E1DFC00C72812 /* GCDWebServerDataRequest.m */; };
		40624991269E1DFC00C72812 /* GCDWebServerFileRequest.m in Sources */ = {isa = PBXBuildFile; fileRef = 40624983269E1DFC00C72812 /* GCDWebServerFileRequest.m */; };
		40DF99A226ADCBA600049AC3 /* libbase.a in Frameworks */ = {isa = PBXBuildFile; fileRef = 40DF99A126ADCA8200049AC3 /* libbase.a */; };
/* End PBXBuildFile section */

/* Begin PBXFileReference section */
		401DDA14269DFCD30027B23B /* Fitsme Scanner.app */ = {isa = PBXFileReference; explicitFileType = wrapper.application; includeInIndex = 0; path = "Fitsme Scanner.app"; sourceTree = BUILT_PRODUCTS_DIR; };
		401DDA17269DFCD30027B23B /* AppDelegate.swift */ = {isa = PBXFileReference; lastKnownFileType = sourcecode.swift; path = AppDelegate.swift; sourceTree = "<group>"; };
		401DDA19269DFCD30027B23B /* ContentView.swift */ = {isa = PBXFileReference; lastKnownFileType = sourcecode.swift; path = ContentView.swift; sourceTree = "<group>"; };
		401DDA1D269DFCD60027B23B /* Assets.xcassets */ = {isa = PBXFileReference; lastKnownFileType = folder.assetcatalog; path = Assets.xcassets; sourceTree = "<group>"; };
		401DDA22269DFCD60027B23B /* Info.plist */ = {isa = PBXFileReference; lastKnownFileType = text.plist.xml; path = Info.plist; sourceTree = "<group>"; };
		401DDA28269E04DC0027B23B /* Dimmer.swift */ = {isa = PBXFileReference; lastKnownFileType = sourcecode.swift; path = Dimmer.swift; sourceTree = "<group>"; };
		40332296269F5F7500D740A9 /* ScanSession.swift */ = {isa = PBXFileReference; lastKnownFileType = sourcecode.swift; path = ScanSession.swift; sourceTree = "<group>"; };
		40624967269E1DFC00C72812 /* GCDWebServerFunctions.h */ = {isa = PBXFileReference; fileEncoding = 4; lastKnownFileType = sourcecode.c.h; path = GCDWebServerFunctions.h; sourceTree = "<group>"; };
		40624968269E1DFC00C72812 /* GCDWebServerPrivate.h */ = {isa = PBXFileReference; fileEncoding = 4; lastKnownFileType = sourcecode.c.h; path = GCDWebServerPrivate.h; sourceTree = "<group>"; };
		40624969269E1DFC00C72812 /* GCDWebServerResponse.m */ = {isa = PBXFileReference; fileEncoding = 4; lastKnownFileType = sourcecode.c.objc; path = GCDWebServerResponse.m; sourceTree = "<group>"; };
		4062496A269E1DFC00C72812 /* GCDWebServerConnection.h */ = {isa = PBXFileReference; fileEncoding = 4; lastKnownFileType = sourcecode.c.h; path = GCDWebServerConnection.h; sourceTree = "<group>"; };
		4062496B269E1DFC00C72812 /* GCDWebServer.h */ = {isa = PBXFileReference; fileEncoding = 4; lastKnownFileType = sourcecode.c.h; path = GCDWebServer.h; sourceTree = "<group>"; };
		4062496C269E1DFC00C72812 /* GCDWebServerRequest.m */ = {isa = PBXFileReference; fileEncoding = 4; lastKnownFileType = sourcecode.c.objc; path = GCDWebServerRequest.m; sourceTree = "<group>"; };
		4062496D269E1DFC00C72812 /* GCDWebServerHTTPStatusCodes.h */ = {isa = PBXFileReference; fileEncoding = 4; lastKnownFileType = sourcecode.c.h; path = GCDWebServerHTTPStatusCodes.h; sourceTree = "<group>"; };
		4062496E269E1DFC00C72812 /* GCDWebServerResponse.h */ = {isa = PBXFileReference; fileEncoding = 4; lastKnownFileType = sourcecode.c.h; path = GCDWebServerResponse.h; sourceTree = "<group>"; };
		4062496F269E1DFC00C72812 /* GCDWebServerFunctions.m */ = {isa = PBXFileReference; fileEncoding = 4; lastKnownFileType = sourcecode.c.objc; path = GCDWebServerFunctions.m; sourceTree = "<group>"; };
		40624970269E1DFC00C72812 /* GCDWebServer.m */ = {isa = PBXFileReference; fileEncoding = 4; lastKnownFileType = sourcecode.c.objc; path = GCDWebServer.m; sourceTree = "<group>"; };
		40624971269E1DFC00C72812 /* GCDWebServerConnection.m */ = {isa = PBXFileReference; fileEncoding = 4; lastKnownFileType = sourcecode.c.objc; path = GCDWebServerConnection.m; sourceTree = "<group>"; };
		40624972269E1DFC00C72812 /* GCDWebServerRequest.h */ = {isa = PBXFileReference; fileEncoding = 4; lastKnownFileType = sourcecode.c.h; path = GCDWebServerRequest.h; sourceTree = "<group>"; };
		40624974269E1DFC00C72812 /* GCDWebServerFileResponse.h */ = {isa = PBXFileReference; fileEncoding = 4; lastKnownFileType = sourcecode.c.h; path = GCDWebServerFileResponse.h; sourceTree = "<group>"; };
		40624975269E1DFC00C72812 /* GCDWebServerStreamedResponse.h */ = {isa = PBXFileReference; fileEncoding = 4; lastKnownFileType = sourcecode.c.h; path = GCDWebServerStreamedResponse.h; sourceTree = "<group>"; };
		40624976269E1DFC00C72812 /* GCDWebServerErrorResponse.m */ = {isa = PBXFileReference; fileEncoding = 4; lastKnownFileType = sourcecode.c.objc; path = GCDWebServerErrorResponse.m; sourceTree = "<group>"; };
		40624977269E1DFC00C72812 /* GCDWebServerDataResponse.h */ = {isa = PBXFileReference; fileEncoding = 4; lastKnownFileType = sourcecode.c.h; path = GCDWebServerDataResponse.h; sourceTree = "<group>"; };
		40624978269E1DFC00C72812 /* GCDWebServerFileResponse.m */ = {isa = PBXFileReference; fileEncoding = 4; lastKnownFileType = sourcecode.c.objc; path = GCDWebServerFileResponse.m; sourceTree = "<group>"; };
		40624979269E1DFC00C72812 /* GCDWebServerDataResponse.m */ = {isa = PBXFileReference; fileEncoding = 4; lastKnownFileType = sourcecode.c.objc; path = GCDWebServerDataResponse.m; sourceTree = "<group>"; };
		4062497A269E1DFC00C72812 /* GCDWebServerErrorResponse.h */ = {isa = PBXFileReference; fileEncoding = 4; lastKnownFileType = sourcecode.c.h; path = GCDWebServerErrorResponse.h; sourceTree = "<group>"; };
		4062497B269E1DFC00C72812 /* GCDWebServerStreamedResponse.m */ = {isa = PBXFileReference; fileEncoding = 4; lastKnownFileType = sourcecode.c.objc; path = GCDWebServerStreamedResponse.m; sourceTree = "<group>"; };
		4062497D269E1DFC00C72812 /* GCDWebServerDataRequest.h */ = {isa = PBXFileReference; fileEncoding = 4; lastKnownFileType = sourcecode.c.h; path = GCDWebServerDataRequest.h; sourceTree = "<group>"; };
		4062497E269E1DFC00C72812 /* GCDWebServerMultiPartFormRequest.h */ = {isa = PBXFileReference; fileEncoding = 4; lastKnownFileType = sourcecode.c.h; path = GCDWebServerMultiPartFormRequest.h; sourceTree = "<group>"; };
		4062497F269E1DFC00C72812 /* GCDWebServerFileRequest.h */ = {isa = PBXFileReference; fileEncoding = 4; lastKnownFileType = sourcecode.c.h; path = GCDWebServerFileRequest.h; sourceTree = "<group>"; };
		40624980269E1DFC00C72812 /* GCDWebServerURLEncodedFormRequest.m */ = {isa = PBXFileReference; fileEncoding = 4; lastKnownFileType = sourcecode.c.objc; path = GCDWebServerURLEncodedFormRequest.m; sourceTree = "<group>"; };
		40624981269E1DFC00C72812 /* GCDWebServerMultiPartFormRequest.m */ = {isa = PBXFileReference; fileEncoding = 4; lastKnownFileType = sourcecode.c.objc; path = GCDWebServerMultiPartFormRequest.m; sourceTree = "<group>"; };
		40624982269E1DFC00C72812 /* GCDWebServerDataRequest.m */ = {isa = PBXFileReference; fileEncoding = 4; lastKnownFileType = sourcecode.c.objc; path = GCDWebServerDataRequest.m; sourceTree = "<group>"; };
		40624983269E1DFC00C72812 /* GCDWebServerFileRequest.m */ = {isa = PBXFileReference; fileEncoding = 4; lastKnownFileType = sourcecode.c.objc; path = GCDWebServerFileRequest.m; sourceTree = "<group>"; };
		40624984269E1DFC00C72812 /* GCDWebServerURLEncodedFormRequest.h */ = {isa = PBXFileReference; fileEncoding = 4; lastKnownFileType = sourcecode.c.h; path = GCDWebServerURLEncodedFormRequest.h; sourceTree = "<group>"; };
		40624992269E1E0E00C72812 /* Bridging-Header.h */ = {isa = PBXFileReference; fileEncoding = 4; lastKnownFileType = sourcecode.c.h; path = "Bridging-Header.h"; sourceTree = "<group>"; };
		40DF99A126ADCA8200049AC3 /* libbase.a */ = {isa = PBXFileReference; lastKnownFileType = archive.ar; name = libbase.a; path = "../target/aarch64-apple-ios/release/libbase.a"; sourceTree = "<group>"; };
/* End PBXFileReference section */

/* Begin PBXFrameworksBuildPhase section */
		401DDA11269DFCD30027B23B /* Frameworks */ = {
			isa = PBXFrameworksBuildPhase;
			buildActionMask = 2147483647;
			files = (
				40DF99A226ADCBA600049AC3 /* libbase.a in Frameworks */,
			);
			runOnlyForDeploymentPostprocessing = 0;
		};
/* End PBXFrameworksBuildPhase section */

/* Begin PBXGroup section */
		401DDA0B269DFCD30027B23B = {
			isa = PBXGroup;
			children = (
				40624992269E1E0E00C72812 /* Bridging-Header.h */,
				401DDA16269DFCD30027B23B /* Fitsme Scanner */,
				40624965269E1DFC00C72812 /* GCDWebServer */,
				401DDA15269DFCD30027B23B /* Products */,
				40DF99A026ADCA8200049AC3 /* Frameworks */,
			);
			sourceTree = "<group>";
		};
		401DDA15269DFCD30027B23B /* Products */ = {
			isa = PBXGroup;
			children = (
				401DDA14269DFCD30027B23B /* Fitsme Scanner.app */,
			);
			name = Products;
			sourceTree = "<group>";
		};
		401DDA16269DFCD30027B23B /* Fitsme Scanner */ = {
			isa = PBXGroup;
			children = (
				401DDA17269DFCD30027B23B /* AppDelegate.swift */,
				401DDA19269DFCD30027B23B /* ContentView.swift */,
				401DDA1D269DFCD60027B23B /* Assets.xcassets */,
				401DDA22269DFCD60027B23B /* Info.plist */,
				401DDA28269E04DC0027B23B /* Dimmer.swift */,
				40332296269F5F7500D740A9 /* ScanSession.swift */,
			);
			path = "Fitsme Scanner";
			sourceTree = "<group>";
		};
		40624965269E1DFC00C72812 /* GCDWebServer */ = {
			isa = PBXGroup;
			children = (
				40624966269E1DFC00C72812 /* Core */,
				40624973269E1DFC00C72812 /* Responses */,
				4062497C269E1DFC00C72812 /* Requests */,
			);
			path = GCDWebServer;
			sourceTree = "<group>";
		};
		40624966269E1DFC00C72812 /* Core */ = {
			isa = PBXGroup;
			children = (
				40624967269E1DFC00C72812 /* GCDWebServerFunctions.h */,
				40624968269E1DFC00C72812 /* GCDWebServerPrivate.h */,
				40624969269E1DFC00C72812 /* GCDWebServerResponse.m */,
				4062496A269E1DFC00C72812 /* GCDWebServerConnection.h */,
				4062496B269E1DFC00C72812 /* GCDWebServer.h */,
				4062496C269E1DFC00C72812 /* GCDWebServerRequest.m */,
				4062496D269E1DFC00C72812 /* GCDWebServerHTTPStatusCodes.h */,
				4062496E269E1DFC00C72812 /* GCDWebServerResponse.h */,
				4062496F269E1DFC00C72812 /* GCDWebServerFunctions.m */,
				40624970269E1DFC00C72812 /* GCDWebServer.m */,
				40624971269E1DFC00C72812 /* GCDWebServerConnection.m */,
				40624972269E1DFC00C72812 /* GCDWebServerRequest.h */,
			);
			path = Core;
			sourceTree = "<group>";
		};
		40624973269E1DFC00C72812 /* Responses */ = {
			isa = PBXGroup;
			children = (
				40624974269E1DFC00C72812 /* GCDWebServerFileResponse.h */,
				40624975269E1DFC00C72812 /* GCDWebServerStreamedResponse.h */,
				40624976269E1DFC00C72812 /* GCDWebServerErrorResponse.m */,
				40624977269E1DFC00C72812 /* GCDWebServerDataResponse.h */,
				40624978269E1DFC00C72812 /* GCDWebServerFileResponse.m */,
				40624979269E1DFC00C72812 /* GCDWebServerDataResponse.m */,
				4062497A269E1DFC00C72812 /* GCDWebServerErrorResponse.h */,
				4062497B269E1DFC00C72812 /* GCDWebServerStreamedResponse.m */,
			);
			path = Responses;
			sourceTree = "<group>";
		};
		4062497C269E1DFC00C72812 /* Requests */ = {
			isa = PBXGroup;
			children = (
				4062497D269E1DFC00C72812 /* GCDWebServerDataRequest.h */,
				4062497E269E1DFC00C72812 /* GCDWebServerMultiPartFormRequest.h */,
				4062497F269E1DFC00C72812 /* GCDWebServerFileRequest.h */,
				40624980269E1DFC00C72812 /* GCDWebServerURLEncodedFormRequest.m */,
				40624981269E1DFC00C72812 /* GCDWebServerMultiPartFormRequest.m */,
				40624982269E1DFC00C72812 /* GCDWebServerDataRequest.m */,
				40624983269E1DFC00C72812 /* GCDWebServerFileRequest.m */,
				40624984269E1DFC00C72812 /* GCDWebServerURLEncodedFormRequest.h */,
			);
			path = Requests;
			sourceTree = "<group>";
		};
		40DF99A026ADCA8200049AC3 /* Frameworks */ = {
			isa = PBXGroup;
			children = (
				40DF99A126ADCA8200049AC3 /* libbase.a */,
			);
			name = Frameworks;
			sourceTree = "<group>";
		};
/* End PBXGroup section */

/* Begin PBXNativeTarget section */
		401DDA13269DFCD30027B23B /* Fitsme Scanner */ = {
			isa = PBXNativeTarget;
			buildConfigurationList = 401DDA25269DFCD60027B23B /* Build configuration list for PBXNativeTarget "Fitsme Scanner" */;
			buildPhases = (
				401DDA10269DFCD30027B23B /* Sources */,
				401DDA11269DFCD30027B23B /* Frameworks */,
				401DDA12269DFCD30027B23B /* Resources */,
			);
			buildRules = (
			);
			dependencies = (
			);
			name = "Fitsme Scanner";
			productName = scanner;
			productReference = 401DDA14269DFCD30027B23B /* Fitsme Scanner.app */;
			productType = "com.apple.product-type.application";
		};
/* End PBXNativeTarget section */

/* Begin PBXProject section */
		401DDA0C269DFCD30027B23B /* Project object */ = {
			isa = PBXProject;
			attributes = {
				LastSwiftUpdateCheck = 1250;
				LastUpgradeCheck = 1250;
				TargetAttributes = {
					401DDA13269DFCD30027B23B = {
						CreatedOnToolsVersion = 12.5.1;
					};
				};
			};
			buildConfigurationList = 401DDA0F269DFCD30027B23B /* Build configuration list for PBXProject "Fitsme Scanner" */;
			compatibilityVersion = "Xcode 9.3";
			developmentRegion = en;
			hasScannedForEncodings = 0;
			knownRegions = (
				en,
				Base,
			);
			mainGroup = 401DDA0B269DFCD30027B23B;
			productRefGroup = 401DDA15269DFCD30027B23B /* Products */;
			projectDirPath = "";
			projectRoot = "";
			targets = (
				401DDA13269DFCD30027B23B /* Fitsme Scanner */,
			);
		};
/* End PBXProject section */

/* Begin PBXResourcesBuildPhase section */
		401DDA12269DFCD30027B23B /* Resources */ = {
			isa = PBXResourcesBuildPhase;
			buildActionMask = 2147483647;
			files = (
				401DDA1E269DFCD60027B23B /* Assets.xcassets in Resources */,
			);
			runOnlyForDeploymentPostprocessing = 0;
		};
/* End PBXResourcesBuildPhase section */

/* Begin PBXSourcesBuildPhase section */
		401DDA10269DFCD30027B23B /* Sources */ = {
			isa = PBXSourcesBuildPhase;
			buildActionMask = 2147483647;
			files = (
				40624991269E1DFC00C72812 /* GCDWebServerFileRequest.m in Sources */,
				4062498D269E1DFC00C72812 /* GCDWebServerStreamedResponse.m in Sources */,
				4062498F269E1DFC00C72812 /* GCDWebServerMultiPartFormRequest.m in Sources */,
				40624990269E1DFC00C72812 /* GCDWebServerDataRequest.m in Sources */,
				4062498C269E1DFC00C72812 /* GCDWebServerDataResponse.m in Sources */,
				40624988269E1DFC00C72812 /* GCDWebServer.m in Sources */,
				4062498E269E1DFC00C72812 /* GCDWebServerURLEncodedFormRequest.m in Sources */,
				401DDA29269E04DC0027B23B /* Dimmer.swift in Sources */,
				401DDA1A269DFCD30027B23B /* ContentView.swift in Sources */,
				40624987269E1DFC00C72812 /* GCDWebServerFunctions.m in Sources */,
				401DDA18269DFCD30027B23B /* AppDelegate.swift in Sources */,
				40624985269E1DFC00C72812 /* GCDWebServerResponse.m in Sources */,
				4062498A269E1DFC00C72812 /* GCDWebServerErrorResponse.m in Sources */,
				40332297269F5F7500D740A9 /* ScanSession.swift in Sources */,
				40624989269E1DFC00C72812 /* GCDWebServerConnection.m in Sources */,
				40624986269E1DFC00C72812 /* GCDWebServerRequest.m in Sources */,
				4062498B269E1DFC00C72812 /* GCDWebServerFileResponse.m in Sources */,
			);
			runOnlyForDeploymentPostprocessing = 0;
		};
/* End PBXSourcesBuildPhase section */

/* Begin XCBuildConfiguration section */
		401DDA23269DFCD60027B23B /* Debug */ = {
			isa = XCBuildConfiguration;
			buildSettings = {
				ALWAYS_SEARCH_USER_PATHS = NO;
				CLANG_ANALYZER_NONNULL = YES;
				CLANG_ANALYZER_NUMBER_OBJECT_CONVERSION = YES_AGGRESSIVE;
				CLANG_CXX_LANGUAGE_STANDARD = "gnu++14";
				CLANG_CXX_LIBRARY = "libc++";
				CLANG_ENABLE_MODULES = YES;
				CLANG_ENABLE_OBJC_ARC = YES;
				CLANG_ENABLE_OBJC_WEAK = YES;
				CLANG_WARN_BLOCK_CAPTURE_AUTORELEASING = YES;
				CLANG_WARN_BOOL_CONVERSION = YES;
				CLANG_WARN_COMMA = YES;
				CLANG_WARN_CONSTANT_CONVERSION = YES;
				CLANG_WARN_DEPRECATED_OBJC_IMPLEMENTATIONS = YES;
				CLANG_WARN_DIRECT_OBJC_ISA_USAGE = YES_ERROR;
				CLANG_WARN_DOCUMENTATION_COMMENTS = YES;
				CLANG_WARN_EMPTY_BODY = YES;
				CLANG_WARN_ENUM_CONVERSION = YES;
				CLANG_WARN_INFINITE_RECURSION = YES;
				CLANG_WARN_INT_CONVERSION = YES;
				CLANG_WARN_NON_LITERAL_NULL_CONVERSION = YES;
				CLANG_WARN_OBJC_IMPLICIT_RETAIN_SELF = YES;
				CLANG_WARN_OBJC_LITERAL_CONVERSION = YES;
				CLANG_WARN_OBJC_ROOT_CLASS = YES_ERROR;
				CLANG_WARN_QUOTED_INCLUDE_IN_FRAMEWORK_HEADER = YES;
				CLANG_WARN_RANGE_LOOP_ANALYSIS = YES;
				CLANG_WARN_STRICT_PROTOTYPES = YES;
				CLANG_WARN_SUSPICIOUS_MOVE = YES;
				CLANG_WARN_UNGUARDED_AVAILABILITY = YES_AGGRESSIVE;
				CLANG_WARN_UNREACHABLE_CODE = YES;
				CLANG_WARN__DUPLICATE_METHOD_MATCH = YES;
				COPY_PHASE_STRIP = NO;
				DEBUG_INFORMATION_FORMAT = dwarf;
				ENABLE_STRICT_OBJC_MSGSEND = YES;
				ENABLE_TESTABILITY = YES;
				GCC_C_LANGUAGE_STANDARD = gnu11;
				GCC_DYNAMIC_NO_PIC = NO;
				GCC_NO_COMMON_BLOCKS = YES;
				GCC_OPTIMIZATION_LEVEL = 0;
				GCC_PREPROCESSOR_DEFINITIONS = (
					"DEBUG=1",
					"$(inherited)",
				);
				GCC_WARN_64_TO_32_BIT_CONVERSION = YES;
				GCC_WARN_ABOUT_RETURN_TYPE = YES_ERROR;
				GCC_WARN_UNDECLARED_SELECTOR = YES;
				GCC_WARN_UNINITIALIZED_AUTOS = YES_AGGRESSIVE;
				GCC_WARN_UNUSED_FUNCTION = YES;
				GCC_WARN_UNUSED_VARIABLE = YES;
				IPHONEOS_DEPLOYMENT_TARGET = 14.5;
				MTL_ENABLE_DEBUG_INFO = INCLUDE_SOURCE;
				MTL_FAST_MATH = YES;
				ONLY_ACTIVE_ARCH = YES;
				SDKROOT = iphoneos;
				SWIFT_ACTIVE_COMPILATION_CONDITIONS = DEBUG;
				SWIFT_OBJC_BRIDGING_HEADER = "Bridging-Header.h";
				SWIFT_OPTIMIZATION_LEVEL = "-Onone";
			};
			name = Debug;
		};
		401DDA24269DFCD60027B23B /* Release */ = {
			isa = XCBuildConfiguration;
			buildSettings = {
				ALWAYS_SEARCH_USER_PATHS = NO;
				CLANG_ANALYZER_NONNULL = YES;
				CLANG_ANALYZER_NUMBER_OBJECT_CONVERSION = YES_AGGRESSIVE;
				CLANG_CXX_LANGUAGE_STANDARD = "gnu++14";
				CLANG_CXX_LIBRARY = "libc++";
				CLANG_ENABLE_MODULES = YES;
				CLANG_ENABLE_OBJC_ARC = YES;
				CLANG_ENABLE_OBJC_WEAK = YES;
				CLANG_WARN_BLOCK_CAPTURE_AUTORELEASING = YES;
				CLANG_WARN_BOOL_CONVERSION = YES;
				CLANG_WARN_COMMA = YES;
				CLANG_WARN_CONSTANT_CONVERSION = YES;
				CLANG_WARN_DEPRECATED_OBJC_IMPLEMENTATIONS = YES;
				CLANG_WARN_DIRECT_OBJC_ISA_USAGE = YES_ERROR;
				CLANG_WARN_DOCUMENTATION_COMMENTS = YES;
				CLANG_WARN_EMPTY_BODY = YES;
				CLANG_WARN_ENUM_CONVERSION = YES;
				CLANG_WARN_INFINITE_RECURSION = YES;
				CLANG_WARN_INT_CONVERSION = YES;
				CLANG_WARN_NON_LITERAL_NULL_CONVERSION = YES;
				CLANG_WARN_OBJC_IMPLICIT_RETAIN_SELF = YES;
				CLANG_WARN_OBJC_LITERAL_CONVERSION = YES;
				CLANG_WARN_OBJC_ROOT_CLASS = YES_ERROR;
				CLANG_WARN_QUOTED_INCLUDE_IN_FRAMEWORK_HEADER = YES;
				CLANG_WARN_RANGE_LOOP_ANALYSIS = YES;
				CLANG_WARN_STRICT_PROTOTYPES = YES;
				CLANG_WARN_SUSPICIOUS_MOVE = YES;
				CLANG_WARN_UNGUARDED_AVAILABILITY = YES_AGGRESSIVE;
				CLANG_WARN_UNREACHABLE_CODE = YES;
				CLANG_WARN__DUPLICATE_METHOD_MATCH = YES;
				COPY_PHASE_STRIP = NO;
				DEBUG_INFORMATION_FORMAT = "dwarf-with-dsym";
				ENABLE_NS_ASSERTIONS = NO;
				ENABLE_STRICT_OBJC_MSGSEND = YES;
				GCC_C_LANGUAGE_STANDARD = gnu11;
				GCC_NO_COMMON_BLOCKS = YES;
				GCC_WARN_64_TO_32_BIT_CONVERSION = YES;
				GCC_WARN_ABOUT_RETURN_TYPE = YES_ERROR;
				GCC_WARN_UNDECLARED_SELECTOR = YES;
				GCC_WARN_UNINITIALIZED_AUTOS = YES_AGGRESSIVE;
				GCC_WARN_UNUSED_FUNCTION = YES;
				GCC_WARN_UNUSED_VARIABLE = YES;
				IPHONEOS_DEPLOYMENT_TARGET = 14.5;
				MTL_ENABLE_DEBUG_INFO = NO;
				MTL_FAST_MATH = YES;
				SDKROOT = iphoneos;
				SWIFT_COMPILATION_MODE = wholemodule;
				SWIFT_OBJC_BRIDGING_HEADER = "Bridging-Header.h";
				SWIFT_OPTIMIZATION_LEVEL = "-O";
				VALIDATE_PRODUCT = YES;
			};
			name = Release;
		};
		401DDA26269DFCD60027B23B /* Debug */ = {
			isa = XCBuildConfiguration;
			buildSettings = {
				ASSETCATALOG_COMPILER_APPICON_NAME = AppIcon;
				ASSETCATALOG_COMPILER_GLOBAL_ACCENT_COLOR_NAME = AccentColor;
				CODE_SIGN_STYLE = Automatic;
				DEVELOPMENT_ASSET_PATHS = "";
				DEVELOPMENT_TEAM = 5KDYG33HXH;
				ENABLE_PREVIEWS = YES;
				INFOPLIST_FILE = "Fitsme Scanner/Info.plist";
				LD_RUNPATH_SEARCH_PATHS = (
					"$(inherited)",
					"@executable_path/Frameworks",
				);
				"LIBRARY_SEARCH_PATHS[arch=*]" = "../target/aarch64-apple-ios/release";
				PRODUCT_BUNDLE_IDENTIFIER = fitsme.scanner;
				PRODUCT_NAME = "$(TARGET_NAME)";
				SWIFT_VERSION = 5.0;
				TARGETED_DEVICE_FAMILY = "1,2";
			};
			name = Debug;
		};
		401DDA27269DFCD60027B23B /* Release */ = {
			isa = XCBuildConfiguration;
			buildSettings = {
				ASSETCATALOG_COMPILER_APPICON_NAME = AppIcon;
				ASSETCATALOG_COMPILER_GLOBAL_ACCENT_COLOR_NAME = AccentColor;
				CODE_SIGN_STYLE = Automatic;
				DEVELOPMENT_ASSET_PATHS = "";
				DEVELOPMENT_TEAM = 5KDYG33HXH;
				ENABLE_PREVIEWS = YES;
				INFOPLIST_FILE = "Fitsme Scanner/Info.plist";
				LD_RUNPATH_SEARCH_PATHS = (
					"$(inherited)",
					"@executable_path/Frameworks",
				);
				"LIBRARY_SEARCH_PATHS[arch=*]" = "../target/aarch64-apple-ios/release";
				PRODUCT_BUNDLE_IDENTIFIER = fitsme.scanner;
				PRODUCT_NAME = "$(TARGET_NAME)";
				SWIFT_VERSION = 5.0;
				TARGETED_DEVICE_FAMILY = "1,2";
			};
			name = Release;
		};
/* End XCBuildConfiguration section */

/* Begin XCConfigurationList section */
		401DDA0F269DFCD30027B23B /* Build configuration list for PBXProject "Fitsme Scanner" */ = {
			isa = XCConfigurationList;
			buildConfigurations = (
				401DDA23269DFCD60027B23B /* Debug */,
				401DDA24269DFCD60027B23B /* Release */,
			);
			defaultConfigurationIsVisible = 0;
			defaultConfigurationName = Release;
		};
		401DDA25269DFCD60027B23B /* Build configuration list for PBXNativeTarget "Fitsme Scanner" */ = {
			isa = XCConfigurationList;
			buildConfigurations = (
				401DDA26269DFCD60027B23B /* Debug */,
				401DDA27269DFCD60027B23B /* Release */,
			);
			defaultConfigurationIsVisible = 0;
			defaultConfigurationName = Release;
		};
/* End XCConfigurationList section */
	};
	rootObject = 401DDA0C269DFCD30027B23B /* Project object */;
}
